
Microsoft Visual Studio Solution File, Format Version 12.00
# Visual Studio Version 17
VisualStudioVersion = 17.0.32126.317
MinimumVisualStudioVersion = 10.0.40219.1
Project("{FAE04EC0-301F-11D3-BF4B-00C04F79EFBC}") = "BookStoreApplication", "BookStoreApplication\BookStoreApplication.csproj", "{B105FC69-E153-4C7A-A701-58E4E70819BB}"
EndProject
Global
	GlobalSection(SolutionConfigurationPlatforms) = preSolution
		Debug|Any CPU = Debug|Any CPU
		Release|Any CPU = Release|Any CPU
	EndGlobalSection
	GlobalSection(ProjectConfigurationPlatforms) = postSolution
		{B105FC69-E153-4C7A-A701-58E4E70819BB}.Debug|Any CPU.ActiveCfg = Debug|Any CPU
		{B105FC69-E153-4C7A-A701-58E4E70819BB}.Debug|Any CPU.Build.0 = Debug|Any CPU
		{B105FC69-E153-4C7A-A701-58E4E70819BB}.Release|Any CPU.ActiveCfg = Release|Any CPU
		{B105FC69-E153-4C7A-A701-58E4E70819BB}.Release|Any CPU.Build.0 = Release|Any CPU
	EndGlobalSection
	GlobalSection(SolutionProperties) = preSolution
		HideSolutionNode = FALSE
	EndGlobalSection
	GlobalSection(ExtensibilityGlobals) = postSolution
		SolutionGuid = {7BB04CBE-DC37-4D2B-BB48-DF7C64F5E98C}
	EndGlobalSection
EndGlobal
